{
  "name": "PROYECTO JS ULTIMO - copia",
  "lockfileVersion": 2,
  "requires": true,
  "packages": {
    "": {
      "name": "PROYECTO JS ULTIMO - copia",
      "dependencies": {
        "@sweetalert2/theme-dark": "^5.0.15",
        "sweetalert2": "^11.6.14"
      }
    },
    "node_modules/@sweetalert2/theme-dark": {
      "version": "5.0.15",
      "resolved": "https://registry.npmjs.org/@sweetalert2/theme-dark/-/theme-dark-5.0.15.tgz",
      "integrity": "sha512-g1QCwQVOkiAz5hIEBOIvvu0580lubu4KuQlod+48QetYzGIEXNlHEH36QihCDnGVgE6vx48iO48w9q0WrZWyHQ=="
    },
    "node_modules/sweetalert2": {
      "version": "11.6.14",
      "resolved": "https://registry.npmjs.org/sweetalert2/-/sweetalert2-11.6.14.tgz",
      "integrity": "sha512-W8+vtsucIJg5BrFhHcqguNZMzmHGvVZVAYHaMGQ9dzrleOMZcHCGmnB46L9qUNdx5snr1GpMUVFjNuki7EBbuQ==",
      "funding": {
        "type": "individual",
        "url": "https://github.com/sponsors/limonte"
      }
    }
  },
  "dependencies": {
    "@sweetalert2/theme-dark": {
      "version": "5.0.15",
      "resolved": "https://registry.npmjs.org/@sweetalert2/theme-dark/-/theme-dark-5.0.15.tgz",
      "integrity": "sha512-g1QCwQVOkiAz5hIEBOIvvu0580lubu4KuQlod+48QetYzGIEXNlHEH36QihCDnGVgE6vx48iO48w9q0WrZWyHQ=="
    },
    "sweetalert2": {
      "version": "11.6.14",
      "resolved": "https://registry.npmjs.org/sweetalert2/-/sweetalert2-11.6.14.tgz",
      "integrity": "sha512-W8+vtsucIJg5BrFhHcqguNZMzmHGvVZVAYHaMGQ9dzrleOMZcHCGmnB46L9qUNdx5snr1GpMUVFjNuki7EBbuQ=="
    }
  }
}
